
Microsoft Visual Studio Solution File, Format Version 12.00
# Visual Studio 14
VisualStudioVersion = 14.0.25420.1
MinimumVisualStudioVersion = 10.0.40219.1
Project("{FAE04EC0-301F-11D3-BF4B-00C04F79EFBC}") = "RobotCtrl", "RobotCtrl\RobotCtrl.csproj", "{515793B5-FEF3-4A32-A970-69D790BB002A}"
EndProject
Project("{FAE04EC0-301F-11D3-BF4B-00C04F79EFBC}") = "RobotView", "RobotView\RobotView.csproj", "{B3787077-2E9C-41A4-9DFD-03AF9900322D}"
EndProject
Project("{FAE04EC0-301F-11D3-BF4B-00C04F79EFBC}") = "RobotIO", "RobotIO\RobotIO.csproj", "{99C761E9-7DD3-4AF6-A200-A762660FDAC6}"
EndProject
Project("{FAE04EC0-301F-11D3-BF4B-00C04F79EFBC}") = "TestConsole", "TestConsole\TestConsole.csproj", "{0F6B381E-5376-4B69-BA4F-982CA7D6CBDD}"
EndProject
Project("{FAE04EC0-301F-11D3-BF4B-00C04F79EFBC}") = "TestMotor", "TestMotor\TestMotor.csproj", "{6CB3511C-1C77-45B5-8942-5726D3192B06}"
EndProject
Global
	GlobalSection(SolutionConfigurationPlatforms) = preSolution
		Debug|Any CPU = Debug|Any CPU
		Release|Any CPU = Release|Any CPU
	EndGlobalSection
	GlobalSection(ProjectConfigurationPlatforms) = postSolution
		{515793B5-FEF3-4A32-A970-69D790BB002A}.Debug|Any CPU.ActiveCfg = Debug|Any CPU
		{515793B5-FEF3-4A32-A970-69D790BB002A}.Debug|Any CPU.Build.0 = Debug|Any CPU
		{515793B5-FEF3-4A32-A970-69D790BB002A}.Debug|Any CPU.Deploy.0 = Debug|Any CPU
		{515793B5-FEF3-4A32-A970-69D790BB002A}.Release|Any CPU.ActiveCfg = Release|Any CPU
		{515793B5-FEF3-4A32-A970-69D790BB002A}.Release|Any CPU.Build.0 = Release|Any CPU
		{515793B5-FEF3-4A32-A970-69D790BB002A}.Release|Any CPU.Deploy.0 = Release|Any CPU
		{B3787077-2E9C-41A4-9DFD-03AF9900322D}.Debug|Any CPU.ActiveCfg = Debug|Any CPU
		{B3787077-2E9C-41A4-9DFD-03AF9900322D}.Debug|Any CPU.Build.0 = Debug|Any CPU
		{B3787077-2E9C-41A4-9DFD-03AF9900322D}.Debug|Any CPU.Deploy.0 = Debug|Any CPU
		{B3787077-2E9C-41A4-9DFD-03AF9900322D}.Release|Any CPU.ActiveCfg = Release|Any CPU
		{B3787077-2E9C-41A4-9DFD-03AF9900322D}.Release|Any CPU.Build.0 = Release|Any CPU
		{B3787077-2E9C-41A4-9DFD-03AF9900322D}.Release|Any CPU.Deploy.0 = Release|Any CPU
		{99C761E9-7DD3-4AF6-A200-A762660FDAC6}.Debug|Any CPU.ActiveCfg = Debug|Any CPU
		{99C761E9-7DD3-4AF6-A200-A762660FDAC6}.Debug|Any CPU.Build.0 = Debug|Any CPU
		{99C761E9-7DD3-4AF6-A200-A762660FDAC6}.Debug|Any CPU.Deploy.0 = Debug|Any CPU
		{99C761E9-7DD3-4AF6-A200-A762660FDAC6}.Release|Any CPU.ActiveCfg = Release|Any CPU
		{99C761E9-7DD3-4AF6-A200-A762660FDAC6}.Release|Any CPU.Build.0 = Release|Any CPU
		{99C761E9-7DD3-4AF6-A200-A762660FDAC6}.Release|Any CPU.Deploy.0 = Release|Any CPU
		{0F6B381E-5376-4B69-BA4F-982CA7D6CBDD}.Debug|Any CPU.ActiveCfg = Debug|Any CPU
		{0F6B381E-5376-4B69-BA4F-982CA7D6CBDD}.Debug|Any CPU.Build.0 = Debug|Any CPU
		{0F6B381E-5376-4B69-BA4F-982CA7D6CBDD}.Debug|Any CPU.Deploy.0 = Debug|Any CPU
		{0F6B381E-5376-4B69-BA4F-982CA7D6CBDD}.Release|Any CPU.ActiveCfg = Release|Any CPU
		{0F6B381E-5376-4B69-BA4F-982CA7D6CBDD}.Release|Any CPU.Build.0 = Release|Any CPU
		{0F6B381E-5376-4B69-BA4F-982CA7D6CBDD}.Release|Any CPU.Deploy.0 = Release|Any CPU
		{6CB3511C-1C77-45B5-8942-5726D3192B06}.Debug|Any CPU.ActiveCfg = Debug|Any CPU
		{6CB3511C-1C77-45B5-8942-5726D3192B06}.Debug|Any CPU.Build.0 = Debug|Any CPU
		{6CB3511C-1C77-45B5-8942-5726D3192B06}.Debug|Any CPU.Deploy.0 = Debug|Any CPU
		{6CB3511C-1C77-45B5-8942-5726D3192B06}.Release|Any CPU.ActiveCfg = Release|Any CPU
		{6CB3511C-1C77-45B5-8942-5726D3192B06}.Release|Any CPU.Build.0 = Release|Any CPU
		{6CB3511C-1C77-45B5-8942-5726D3192B06}.Release|Any CPU.Deploy.0 = Release|Any CPU
	EndGlobalSection
	GlobalSection(SolutionProperties) = preSolution
		HideSolutionNode = FALSE
	EndGlobalSection
EndGlobal
